// !$*UTF8*$!
{
	archiveVersion = 1;
	classes = {
	};
	objectVersion = 50;
	objects = {

/* Begin PBXBuildFile section */
		3E7A9E6622EEF76B00027B3C /* AppDelegate.swift in Sources */ = {isa = PBXBuildFile; fileRef = 3E7A9E6522EEF76B00027B3C /* AppDelegate.swift */; };
		3E7A9E6822EEF76B00027B3C /* ViewController.swift in Sources */ = {isa = PBXBuildFile; fileRef = 3E7A9E6722EEF76B00027B3C /* ViewController.swift */; };
		3E7A9E6B22EEF76C00027B3C /* Main.storyboard in Resources */ = {isa = PBXBuildFile; fileRef = 3E7A9E6922EEF76B00027B3C /* Main.storyboard */; };
		3E7A9E6D22EEF76D00027B3C /* Assets.xcassets in Resources */ = {isa = PBXBuildFile; fileRef = 3E7A9E6C22EEF76D00027B3C /* Assets.xcassets */; };
		3E7A9E7022EEF76D00027B3C /* LaunchScreen.storyboard in Resources */ = {isa = PBXBuildFile; fileRef = 3E7A9E6E22EEF76D00027B3C /* LaunchScreen.storyboard */; };
		3E7A9E7A22EEF99300027B3C /* Utils.swift in Sources */ = {isa = PBXBuildFile; fileRef = 3E7A9E7922EEF99300027B3C /* Utils.swift */; };
		E65B6DCDE42A50530F6D504B /* Pods_DotAnimation.framework in Frameworks */ = {isa = PBXBuildFile; fileRef = 29DA614EEC7BB1DAEFEA64AE /* Pods_DotAnimation.framework */; };
/* End PBXBuildFile section */

/* Begin PBXFileReference section */
		29DA614EEC7BB1DAEFEA64AE /* Pods_DotAnimation.framework */ = {isa = PBXFileReference; explicitFileType = wrapper.framework; includeInIndex = 0; path = Pods_DotAnimation.framework; sourceTree = BUILT_PRODUCTS_DIR; };
		3E7A9E6222EEF76B00027B3C /* DotAnimation.app */ = {isa = PBXFileReference; explicitFileType = wrapper.application; includeInIndex = 0; path = DotAnimation.app; sourceTree = BUILT_PRODUCTS_DIR; };
		3E7A9E6522EEF76B00027B3C /* AppDelegate.swift */ = {isa = PBXFileReference; lastKnownFileType = sourcecode.swift; path = AppDelegate.swift; sourceTree = "<group>"; };
		3E7A9E6722EEF76B00027B3C /* ViewController.swift */ = {isa = PBXFileReference; lastKnownFileType = sourcecode.swift; path = ViewController.swift; sourceTree = "<group>"; };
		3E7A9E6A22EEF76B00027B3C /* Base */ = {isa = PBXFileReference; lastKnownFileType = file.storyboard; name = Base; path = Base.lproj/Main.storyboard; sourceTree = "<group>"; };
		3E7A9E6C22EEF76D00027B3C /* Assets.xcassets */ = {isa = PBXFileReference; lastKnownFileType = folder.assetcatalog; path = Assets.xcassets; sourceTree = "<group>"; };
		3E7A9E6F22EEF76D00027B3C /* Base */ = {isa = PBXFileReference; lastKnownFileType = file.storyboard; name = Base; path = Base.lproj/LaunchScreen.storyboard; sourceTree = "<group>"; };
		3E7A9E7122EEF76D00027B3C /* Info.plist */ = {isa = PBXFileReference; lastKnownFileType = text.plist.xml; path = Info.plist; sourceTree = "<group>"; };
		3E7A9E7922EEF99300027B3C /* Utils.swift */ = {isa = PBXFileReference; lastKnownFileType = sourcecode.swift; path = Utils.swift; sourceTree = "<group>"; };
		5E153EBCE2AB0625F51F3102 /* Pods-DotAnimation.debug.xcconfig */ = {isa = PBXFileReference; includeInIndex = 1; lastKnownFileType = text.xcconfig; name = "Pods-DotAnimation.debug.xcconfig"; path = "Pods/Target Support Files/Pods-DotAnimation/Pods-DotAnimation.debug.xcconfig"; sourceTree = "<group>"; };
		C7D349F7D8DBB32D0D092710 /* Pods-DotAnimation.release.xcconfig */ = {isa = PBXFileReference; includeInIndex = 1; lastKnownFileType = text.xcconfig; name = "Pods-DotAnimation.release.xcconfig"; path = "Pods/Target Support Files/Pods-DotAnimation/Pods-DotAnimation.release.xcconfig"; sourceTree = "<group>"; };
/* End PBXFileReference section */

/* Begin PBXFrameworksBuildPhase section */
		3E7A9E5F22EEF76B00027B3C /* Frameworks */ = {
			isa = PBXFrameworksBuildPhase;
			buildActionMask = 2147483647;
			files = (
				E65B6DCDE42A50530F6D504B /* Pods_DotAnimation.framework in Frameworks */,
			);
			runOnlyForDeploymentPostprocessing = 0;
		};
/* End PBXFrameworksBuildPhase section */

/* Begin PBXGroup section */
		3E7A9E5922EEF76B00027B3C = {
			isa = PBXGroup;
			children = (
				3E7A9E6422EEF76B00027B3C /* DotAnimation */,
				3E7A9E6322EEF76B00027B3C /* Products */,
				D140725CB3670C66DCBE59FE /* Pods */,
				EB38875C76FA2250334AC176 /* Frameworks */,
			);
			sourceTree = "<group>";
		};
		3E7A9E6322EEF76B00027B3C /* Products */ = {
			isa = PBXGroup;
			children = (
				3E7A9E6222EEF76B00027B3C /* DotAnimation.app */,
			);
			name = Products;
			sourceTree = "<group>";
		};
		3E7A9E6422EEF76B00027B3C /* DotAnimation */ = {
			isa = PBXGroup;
			children = (
				3E7A9E6522EEF76B00027B3C /* AppDelegate.swift */,
				3E7A9E6722EEF76B00027B3C /* ViewController.swift */,
				3E7A9E6922EEF76B00027B3C /* Main.storyboard */,
				3E7A9E6C22EEF76D00027B3C /* Assets.xcassets */,
				3E7A9E6E22EEF76D00027B3C /* LaunchScreen.storyboard */,
				3E7A9E7122EEF76D00027B3C /* Info.plist */,
				3E7A9E7922EEF99300027B3C /* Utils.swift */,
			);
			path = DotAnimation;
			sourceTree = "<group>";
		};
		D140725CB3670C66DCBE59FE /* Pods */ = {
			isa = PBXGroup;
			children = (
				5E153EBCE2AB0625F51F3102 /* Pods-DotAnimation.debug.xcconfig */,
				C7D349F7D8DBB32D0D092710 /* Pods-DotAnimation.release.xcconfig */,
			);
			name = Pods;
			sourceTree = "<group>";
		};
		EB38875C76FA2250334AC176 /* Frameworks */ = {
			isa = PBXGroup;
			children = (
				29DA614EEC7BB1DAEFEA64AE /* Pods_DotAnimation.framework */,
			);
			name = Frameworks;
			sourceTree = "<group>";
		};
/* End PBXGroup section */

/* Begin PBXNativeTarget section */
		3E7A9E6122EEF76B00027B3C /* DotAnimation */ = {
			isa = PBXNativeTarget;
			buildConfigurationList = 3E7A9E7422EEF76D00027B3C /* Build configuration list for PBXNativeTarget "DotAnimation" */;
			buildPhases = (
				3F6B5484A24171F3E2EEEF37 /* [CP] Check Pods Manifest.lock */,
				3E7A9E5E22EEF76B00027B3C /* Sources */,
				3E7A9E5F22EEF76B00027B3C /* Frameworks */,
				3E7A9E6022EEF76B00027B3C /* Resources */,
				C8FB639788B7B415429F1798 /* [CP] Embed Pods Frameworks */,
			);
			buildRules = (
			);
			dependencies = (
			);
			name = DotAnimation;
			productName = DotAnimation;
			productReference = 3E7A9E6222EEF76B00027B3C /* DotAnimation.app */;
			productType = "com.apple.product-type.application";
		};
/* End PBXNativeTarget section */

/* Begin PBXProject section */
		3E7A9E5A22EEF76B00027B3C /* Project object */ = {
			isa = PBXProject;
			attributes = {
				LastSwiftUpdateCheck = 1030;
				LastUpgradeCheck = 1030;
				ORGANIZATIONNAME = "Anh Nguyen";
				TargetAttributes = {
					3E7A9E6122EEF76B00027B3C = {
						CreatedOnToolsVersion = 10.3;
					};
				};
			};
			buildConfigurationList = 3E7A9E5D22EEF76B00027B3C /* Build configuration list for PBXProject "DotAnimation" */;
			compatibilityVersion = "Xcode 9.3";
			developmentRegion = en;
			hasScannedForEncodings = 0;
			knownRegions = (
				en,
				Base,
			);
			mainGroup = 3E7A9E5922EEF76B00027B3C;
			productRefGroup = 3E7A9E6322EEF76B00027B3C /* Products */;
			projectDirPath = "";
			projectRoot = "";
			targets = (
				3E7A9E6122EEF76B00027B3C /* DotAnimation */,
			);
		};
/* End PBXProject section */

/* Begin PBXResourcesBuildPhase section */
		3E7A9E6022EEF76B00027B3C /* Resources */ = {
			isa = PBXResourcesBuildPhase;
			buildActionMask = 2147483647;
			files = (
				3E7A9E7022EEF76D00027B3C /* LaunchScreen.storyboard in Resources */,
				3E7A9E6D22EEF76D00027B3C /* Assets.xcassets in Resources */,
				3E7A9E6B22EEF76C00027B3C /* Main.storyboard in Resources */,
			);
			runOnlyForDeploymentPostprocessing = 0;
		};
/* End PBXResourcesBuildPhase section */

/* Begin PBXShellScriptBuildPhase section */
		3F6B5484A24171F3E2EEEF37 /* [CP] Check Pods Manifest.lock */ = {
			isa = PBXShellScriptBuildPhase;
			buildActionMask = 2147483647;
			files = (
			);
			inputFileListPaths = (
			);
			inputPaths = (
				"${PODS_PODFILE_DIR_PATH}/Podfile.lock",
				"${PODS_ROOT}/Manifest.lock",
			);
			name = "[CP] Check Pods Manifest.lock";
			outputFileListPaths = (
			);
			outputPaths = (
				"$(DERIVED_FILE_DIR)/Pods-DotAnimation-checkManifestLockResult.txt",
			);
			runOnlyForDeploymentPostprocessing = 0;
			shellPath = /bin/sh;
			shellScript = "diff \"${PODS_PODFILE_DIR_PATH}/Podfile.lock\" \"${PODS_ROOT}/Manifest.lock\" > /dev/null\nif [ $? != 0 ] ; then\n    # print error to STDERR\n    echo \"error: The sandbox is not in sync with the Podfile.lock. Run 'pod install' or update your CocoaPods installation.\" >&2\n    exit 1\nfi\n# This output is used by Xcode 'outputs' to avoid re-running this script phase.\necho \"SUCCESS\" > \"${SCRIPT_OUTPUT_FILE_0}\"\n";
			showEnvVarsInLog = 0;
		};
		C8FB639788B7B415429F1798 /* [CP] Embed Pods Frameworks */ = {
			isa = PBXShellScriptBuildPhase;
			buildActionMask = 2147483647;
			files = (
			);
			inputFileListPaths = (
			);
			inputPaths = (
				"${SRCROOT}/Pods/Target Support Files/Pods-DotAnimation/Pods-DotAnimation-frameworks.sh",
				"${BUILT_PRODUCTS_DIR}/Masonry/Masonry.framework",
				"${BUILT_PRODUCTS_DIR}/SnapKit/SnapKit.framework",
			);
			name = "[CP] Embed Pods Frameworks";
			outputFileListPaths = (
			);
			outputPaths = (
				"${TARGET_BUILD_DIR}/${FRAMEWORKS_FOLDER_PATH}/Masonry.framework",
				"${TARGET_BUILD_DIR}/${FRAMEWORKS_FOLDER_PATH}/SnapKit.framework",
			);
			runOnlyForDeploymentPostprocessing = 0;
			shellPath = /bin/sh;
			shellScript = "\"${SRCROOT}/Pods/Target Support Files/Pods-DotAnimation/Pods-DotAnimation-frameworks.sh\"\n";
			showEnvVarsInLog = 0;
		};
/* End PBXShellScriptBuildPhase section */

/* Begin PBXSourcesBuildPhase section */
		3E7A9E5E22EEF76B00027B3C /* Sources */ = {
			isa = PBXSourcesBuildPhase;
			buildActionMask = 2147483647;
			files = (
				3E7A9E6822EEF76B00027B3C /* ViewController.swift in Sources */,
				3E7A9E6622EEF76B00027B3C /* AppDelegate.swift in Sources */,
				3E7A9E7A22EEF99300027B3C /* Utils.swift in Sources */,
			);
			runOnlyForDeploymentPostprocessing = 0;
		};
/* End PBXSourcesBuildPhase section */

/* Begin PBXVariantGroup section */
		3E7A9E6922EEF76B00027B3C /* Main.storyboard */ = {
			isa = PBXVariantGroup;
			children = (
				3E7A9E6A22EEF76B00027B3C /* Base */,
			);
			name = Main.storyboard;
			sourceTree = "<group>";
		};
		3E7A9E6E22EEF76D00027B3C /* LaunchScreen.storyboard */ = {
			isa = PBXVariantGroup;
			children = (
				3E7A9E6F22EEF76D00027B3C /* Base */,
			);
			name = LaunchScreen.storyboard;
			sourceTree = "<group>";
		};
/* End PBXVariantGroup section */

/* Begin XCBuildConfiguration section */
		3E7A9E7222EEF76D00027B3C /* Debug */ = {
			isa = XCBuildConfiguration;
			buildSettings = {
				ALWAYS_SEARCH_USER_PATHS = NO;
				CLANG_ANALYZER_NONNULL = YES;
				CLANG_ANALYZER_NUMBER_OBJECT_CONVERSION = YES_AGGRESSIVE;
				CLANG_CXX_LANGUAGE_STANDARD = "gnu++14";
				CLANG_CXX_LIBRARY = "libc++";
				CLANG_ENABLE_MODULES = YES;
				CLANG_ENABLE_OBJC_ARC = YES;
				CLANG_ENABLE_OBJC_WEAK = YES;
				CLANG_WARN_BLOCK_CAPTURE_AUTORELEASING = YES;
				CLANG_WARN_BOOL_CONVERSION = YES;
				CLANG_WARN_COMMA = YES;
				CLANG_WARN_CONSTANT_CONVERSION = YES;
				CLANG_WARN_DEPRECATED_OBJC_IMPLEMENTATIONS = YES;
				CLANG_WARN_DIRECT_OBJC_ISA_USAGE = YES_ERROR;
				CLANG_WARN_DOCUMENTATION_COMMENTS = YES;
				CLANG_WARN_EMPTY_BODY = YES;
				CLANG_WARN_ENUM_CONVERSION = YES;
				CLANG_WARN_INFINITE_RECURSION = YES;
				CLANG_WARN_INT_CONVERSION = YES;
				CLANG_WARN_NON_LITERAL_NULL_CONVERSION = YES;
				CLANG_WARN_OBJC_IMPLICIT_RETAIN_SELF = YES;
				CLANG_WARN_OBJC_LITERAL_CONVERSION = YES;
				CLANG_WARN_OBJC_ROOT_CLASS = YES_ERROR;
				CLANG_WARN_RANGE_LOOP_ANALYSIS = YES;
				CLANG_WARN_STRICT_PROTOTYPES = YES;
				CLANG_WARN_SUSPICIOUS_MOVE = YES;
				CLANG_WARN_UNGUARDED_AVAILABILITY = YES_AGGRESSIVE;
				CLANG_WARN_UNREACHABLE_CODE = YES;
				CLANG_WARN__DUPLICATE_METHOD_MATCH = YES;
				CODE_SIGN_IDENTITY = "iPhone Developer";
				COPY_PHASE_STRIP = NO;
				DEBUG_INFORMATION_FORMAT = dwarf;
				ENABLE_STRICT_OBJC_MSGSEND = YES;
				ENABLE_TESTABILITY = YES;
				GCC_C_LANGUAGE_STANDARD = gnu11;
				GCC_DYNAMIC_NO_PIC = NO;
				GCC_NO_COMMON_BLOCKS = YES;
				GCC_OPTIMIZATION_LEVEL = 0;
				GCC_PREPROCESSOR_DEFINITIONS = (
					"DEBUG=1",
					"$(inherited)",
				);
				GCC_WARN_64_TO_32_BIT_CONVERSION = YES;
				GCC_WARN_ABOUT_RETURN_TYPE = YES_ERROR;
				GCC_WARN_UNDECLARED_SELECTOR = YES;
				GCC_WARN_UNINITIALIZED_AUTOS = YES_AGGRESSIVE;
				GCC_WARN_UNUSED_FUNCTION = YES;
				GCC_WARN_UNUSED_VARIABLE = YES;
				IPHONEOS_DEPLOYMENT_TARGET = 12.4;
				MTL_ENABLE_DEBUG_INFO = INCLUDE_SOURCE;
				MTL_FAST_MATH = YES;
				ONLY_ACTIVE_ARCH = YES;
				SDKROOT = iphoneos;
				SWIFT_ACTIVE_COMPILATION_CONDITIONS = DEBUG;
				SWIFT_OPTIMIZATION_LEVEL = "-Onone";
			};
			name = Debug;
		};
		3E7A9E7322EEF76D00027B3C /* Release */ = {
			isa = XCBuildConfiguration;
			buildSettings = {
				ALWAYS_SEARCH_USER_PATHS = NO;
				CLANG_ANALYZER_NONNULL = YES;
				CLANG_ANALYZER_NUMBER_OBJECT_CONVERSION = YES_AGGRESSIVE;
				CLANG_CXX_LANGUAGE_STANDARD = "gnu++14";
				CLANG_CXX_LIBRARY = "libc++";
				CLANG_ENABLE_MODULES = YES;
				CLANG_ENABLE_OBJC_ARC = YES;
				CLANG_ENABLE_OBJC_WEAK = YES;
				CLANG_WARN_BLOCK_CAPTURE_AUTORELEASING = YES;
				CLANG_WARN_BOOL_CONVERSION = YES;
				CLANG_WARN_COMMA = YES;
				CLANG_WARN_CONSTANT_CONVERSION = YES;
				CLANG_WARN_DEPRECATED_OBJC_IMPLEMENTATIONS = YES;
				CLANG_WARN_DIRECT_OBJC_ISA_USAGE = YES_ERROR;
				CLANG_WARN_DOCUMENTATION_COMMENTS = YES;
				CLANG_WARN_EMPTY_BODY = YES;
				CLANG_WARN_ENUM_CONVERSION = YES;
				CLANG_WARN_INFINITE_RECURSION = YES;
				CLANG_WARN_INT_CONVERSION = YES;
				CLANG_WARN_NON_LITERAL_NULL_CONVERSION = YES;
				CLANG_WARN_OBJC_IMPLICIT_RETAIN_SELF = YES;
				CLANG_WARN_OBJC_LITERAL_CONVERSION = YES;
				CLANG_WARN_OBJC_ROOT_CLASS = YES_ERROR;
				CLANG_WARN_RANGE_LOOP_ANALYSIS = YES;
				CLANG_WARN_STRICT_PROTOTYPES = YES;
				CLANG_WARN_SUSPICIOUS_MOVE = YES;
				CLANG_WARN_UNGUARDED_AVAILABILITY = YES_AGGRESSIVE;
				CLANG_WARN_UNREACHABLE_CODE = YES;
				CLANG_WARN__DUPLICATE_METHOD_MATCH = YES;
				CODE_SIGN_IDENTITY = "iPhone Developer";
				COPY_PHASE_STRIP = NO;
				DEBUG_INFORMATION_FORMAT = "dwarf-with-dsym";
				ENABLE_NS_ASSERTIONS = NO;
				ENABLE_STRICT_OBJC_MSGSEND = YES;
				GCC_C_LANGUAGE_STANDARD = gnu11;
				GCC_NO_COMMON_BLOCKS = YES;
				GCC_WARN_64_TO_32_BIT_CONVERSION = YES;
				GCC_WARN_ABOUT_RETURN_TYPE = YES_ERROR;
				GCC_WARN_UNDECLARED_SELECTOR = YES;
				GCC_WARN_UNINITIALIZED_AUTOS = YES_AGGRESSIVE;
				GCC_WARN_UNUSED_FUNCTION = YES;
				GCC_WARN_UNUSED_VARIABLE = YES;
				IPHONEOS_DEPLOYMENT_TARGET = 12.4;
				MTL_ENABLE_DEBUG_INFO = NO;
				MTL_FAST_MATH = YES;
				SDKROOT = iphoneos;
				SWIFT_COMPILATION_MODE = wholemodule;
				SWIFT_OPTIMIZATION_LEVEL = "-O";
				VALIDATE_PRODUCT = YES;
			};
			name = Release;
		};
		3E7A9E7522EEF76D00027B3C /* Debug */ = {
			isa = XCBuildConfiguration;
			baseConfigurationReference = 5E153EBCE2AB0625F51F3102 /* Pods-DotAnimation.debug.xcconfig */;
			buildSettings = {
				ASSETCATALOG_COMPILER_APPICON_NAME = AppIcon;
				CODE_SIGN_STYLE = Automatic;
				INFOPLIST_FILE = DotAnimation/Info.plist;
				LD_RUNPATH_SEARCH_PATHS = (
					"$(inherited)",
					"@executable_path/Frameworks",
				);
				PRODUCT_BUNDLE_IDENTIFIER = com.anhnt.DotAnimation;
				PRODUCT_NAME = "$(TARGET_NAME)";
				SWIFT_VERSION = 5.0;
				TARGETED_DEVICE_FAMILY = "1,2";
			};
			name = Debug;
		};
		3E7A9E7622EEF76D00027B3C /* Release */ = {
			isa = XCBuildConfiguration;
			baseConfigurationReference = C7D349F7D8DBB32D0D092710 /* Pods-DotAnimation.release.xcconfig */;
			buildSettings = {
				ASSETCATALOG_COMPILER_APPICON_NAME = AppIcon;
				CODE_SIGN_STYLE = Automatic;
				INFOPLIST_FILE = DotAnimation/Info.plist;
				LD_RUNPATH_SEARCH_PATHS = (
					"$(inherited)",
					"@executable_path/Frameworks",
				);
				PRODUCT_BUNDLE_IDENTIFIER = com.anhnt.DotAnimation;
				PRODUCT_NAME = "$(TARGET_NAME)";
				SWIFT_VERSION = 5.0;
				TARGETED_DEVICE_FAMILY = "1,2";
			};
			name = Release;
		};
/* End XCBuildConfiguration section */

/* Begin XCConfigurationList section */
		3E7A9E5D22EEF76B00027B3C /* Build configuration list for PBXProject "DotAnimation" */ = {
			isa = XCConfigurationList;
			buildConfigurations = (
				3E7A9E7222EEF76D00027B3C /* Debug */,
				3E7A9E7322EEF76D00027B3C /* Release */,
			);
			defaultConfigurationIsVisible = 0;
			defaultConfigurationName = Release;
		};
		3E7A9E7422EEF76D00027B3C /* Build configuration list for PBXNativeTarget "DotAnimation" */ = {
			isa = XCConfigurationList;
			buildConfigurations = (
				3E7A9E7522EEF76D00027B3C /* Debug */,
				3E7A9E7622EEF76D00027B3C /* Release */,
			);
			defaultConfigurationIsVisible = 0;
			defaultConfigurationName = Release;
		};
/* End XCConfigurationList section */
	};
	rootObject = 3E7A9E5A22EEF76B00027B3C /* Project object */;
}
